# Code generated by scarb DO NOT EDIT.
version = 1

[[package]]
name = "erc20"
version = "0.1.0"

[[package]]
name = "race"
version = "0.1.0"
dependencies = [
 "erc20",
 "snforge_std",
]

[[package]]
name = "snforge_scarb_plugin"
version = "0.35.0"
source = "registry+https://scarbs.xyz/"
checksum = "sha256:20bd6a488fda7201ce2a5fd680d8e715b10e3545147b276747ad079c96c3d5d2"

[[package]]
name = "snforge_std"
version = "0.35.0"
source = "registry+https://scarbs.xyz/"
checksum = "sha256:fe4e1b1526c815441183baed7f93e73bc76a6393d23e1f9c34fbe227bfaedfd6"
dependencies = [
 "snforge_scarb_plugin",
]
